schema: '2.0'
stages:
  process_data:
    cmd: python src/process_data.py
    deps:
    - path: data/raw/us_accident.csv
      hash: md5
      md5: 1f89c7188e09a16892ecc1be9434c58f
      size: 11092460
    - path: src/process_data.py
      hash: md5
      md5: 81a4e9b9563376f5907bfad3d24bdc62
      size: 973
    outs:
    - path: data/processed/us_accident_clean.csv
      hash: md5
      md5: 606c144e5d8de2568c100dce628e0993
      size: 1603949
  validate:
    cmd: python src/validate.py
    deps:
    - path: data/processed/us_accident_clean.csv
      hash: md5
      md5: 606c144e5d8de2568c100dce628e0993
      size: 1603949
    - path: src/validate.py
      hash: md5
      md5: 851e4b1f91122c736b0ce1918f499182
      size: 807
    outs:
    - path: reports/validation.txt
      hash: md5
      md5: c8f0e4ac0468ea426df96a203e7da335
      size: 162
  train_model:
    cmd: python src/train.py
    deps:
    - path: data/processed/us_accident_clean.csv
      hash: md5
      md5: 606c144e5d8de2568c100dce628e0993
      size: 1603949
    - path: src/train.py
      hash: md5
      md5: 4123b13c867988c9ec083fdb3cc56ceb
      size: 1636
    outs:
    - path: models/us_accident_model.pkl
      hash: md5
      md5: 2dc4ed4f7195fa62108eb1e98ea700a1
      size: 58166402
